
Microsoft Visual Studio Solution File, Format Version 12.00
# Visual Studio Version 16
VisualStudioVersion = 16.0.32002.261
MinimumVisualStudioVersion = 10.0.40219.1
Project("{9A19103F-16F7-4668-BE54-9A1E7A4F7556}") = "Enterprise Application", "Enterprise Application.csproj", "{24029629-AC9A-436D-AD0A-32BC6C985D21}"
EndProject
Project("{9A19103F-16F7-4668-BE54-9A1E7A4F7556}") = "Enterprise.Service", "..\Enterprise.Service\Enterprise.Service.csproj", "{48854871-9180-4AA1-8382-06A13C95318F}"
EndProject
Project("{9A19103F-16F7-4668-BE54-9A1E7A4F7556}") = "Enterprise.Entity", "..\Enterprise.Entity\Enterprise.Entity.csproj", "{7CF7D044-EE4E-41D2-AFF4-E189E7609B1B}"
EndProject
Project("{9A19103F-16F7-4668-BE54-9A1E7A4F7556}") = "Enterprise.Persistence", "..\Enterprise.Persistence\Enterprise.Persistence.csproj", "{BF897E8E-250B-41E1-BA6C-A119F3180919}"
EndProject
Global
	GlobalSection(SolutionConfigurationPlatforms) = preSolution
		Debug|Any CPU = Debug|Any CPU
		Release|Any CPU = Release|Any CPU
	EndGlobalSection
	GlobalSection(ProjectConfigurationPlatforms) = postSolution
		{24029629-AC9A-436D-AD0A-32BC6C985D21}.Debug|Any CPU.ActiveCfg = Debug|Any CPU
		{24029629-AC9A-436D-AD0A-32BC6C985D21}.Debug|Any CPU.Build.0 = Debug|Any CPU
		{24029629-AC9A-436D-AD0A-32BC6C985D21}.Release|Any CPU.ActiveCfg = Release|Any CPU
		{24029629-AC9A-436D-AD0A-32BC6C985D21}.Release|Any CPU.Build.0 = Release|Any CPU
		{48854871-9180-4AA1-8382-06A13C95318F}.Debug|Any CPU.ActiveCfg = Debug|Any CPU
		{48854871-9180-4AA1-8382-06A13C95318F}.Debug|Any CPU.Build.0 = Debug|Any CPU
		{48854871-9180-4AA1-8382-06A13C95318F}.Release|Any CPU.ActiveCfg = Release|Any CPU
		{48854871-9180-4AA1-8382-06A13C95318F}.Release|Any CPU.Build.0 = Release|Any CPU
		{7CF7D044-EE4E-41D2-AFF4-E189E7609B1B}.Debug|Any CPU.ActiveCfg = Debug|Any CPU
		{7CF7D044-EE4E-41D2-AFF4-E189E7609B1B}.Debug|Any CPU.Build.0 = Debug|Any CPU
		{7CF7D044-EE4E-41D2-AFF4-E189E7609B1B}.Release|Any CPU.ActiveCfg = Release|Any CPU
		{7CF7D044-EE4E-41D2-AFF4-E189E7609B1B}.Release|Any CPU.Build.0 = Release|Any CPU
		{BF897E8E-250B-41E1-BA6C-A119F3180919}.Debug|Any CPU.ActiveCfg = Debug|Any CPU
		{BF897E8E-250B-41E1-BA6C-A119F3180919}.Debug|Any CPU.Build.0 = Debug|Any CPU
		{BF897E8E-250B-41E1-BA6C-A119F3180919}.Release|Any CPU.ActiveCfg = Release|Any CPU
		{BF897E8E-250B-41E1-BA6C-A119F3180919}.Release|Any CPU.Build.0 = Release|Any CPU
	EndGlobalSection
	GlobalSection(SolutionProperties) = preSolution
		HideSolutionNode = FALSE
	EndGlobalSection
	GlobalSection(ExtensibilityGlobals) = postSolution
		SolutionGuid = {E4C47C47-4150-4B82-BC27-AC75C54E74D8}
	EndGlobalSection
EndGlobal
